// !$*UTF8*$!
{
	archiveVersion = 1;
	classes = {
	};
	objectVersion = 50;
	objects = {

/* Begin PBXBuildFile section */
		09762DEC21A330C70024F742 /* ReminderItem.swift in Sources */ = {isa = PBXBuildFile; fileRef = 09762DEB21A330C70024F742 /* ReminderItem.swift */; };
		09762DF021A568B30024F742 /* ItemDetailViewController.swift in Sources */ = {isa = PBXBuildFile; fileRef = 09762DEF21A568B30024F742 /* ItemDetailViewController.swift */; };
		0984C2E421B3F9FA00B9EBA0 /* Checklist.swift in Sources */ = {isa = PBXBuildFile; fileRef = 0984C2E321B3F9FA00B9EBA0 /* Checklist.swift */; };
		0984C2E621B4016600B9EBA0 /* ListDetailViewController.swift in Sources */ = {isa = PBXBuildFile; fileRef = 0984C2E521B4016600B9EBA0 /* ListDetailViewController.swift */; };
		0984C2E821B46AD400B9EBA0 /* DataModel.swift in Sources */ = {isa = PBXBuildFile; fileRef = 0984C2E721B46AD400B9EBA0 /* DataModel.swift */; };
		099C14E121A1FD03003DF815 /* AppDelegate.swift in Sources */ = {isa = PBXBuildFile; fileRef = 099C14E021A1FD03003DF815 /* AppDelegate.swift */; };
		099C14E321A1FD03003DF815 /* ReminderViewController.swift in Sources */ = {isa = PBXBuildFile; fileRef = 099C14E221A1FD03003DF815 /* ReminderViewController.swift */; };
		099C14E621A1FD03003DF815 /* Main.storyboard in Resources */ = {isa = PBXBuildFile; fileRef = 099C14E421A1FD03003DF815 /* Main.storyboard */; };
		099C14E821A1FD08003DF815 /* Assets.xcassets in Resources */ = {isa = PBXBuildFile; fileRef = 099C14E721A1FD08003DF815 /* Assets.xcassets */; };
		099C14EB21A1FD08003DF815 /* LaunchScreen.storyboard in Resources */ = {isa = PBXBuildFile; fileRef = 099C14E921A1FD08003DF815 /* LaunchScreen.storyboard */; };
		099C14F621A1FD08003DF815 /* remiderTests.swift in Sources */ = {isa = PBXBuildFile; fileRef = 099C14F521A1FD08003DF815 /* remiderTests.swift */; };
		099C150121A1FD08003DF815 /* remiderUITests.swift in Sources */ = {isa = PBXBuildFile; fileRef = 099C150021A1FD08003DF815 /* remiderUITests.swift */; };
		09EA0BD321AAF38400DBE8E3 /* AllListsViewController.swift in Sources */ = {isa = PBXBuildFile; fileRef = 09EA0BD221AAF38400DBE8E3 /* AllListsViewController.swift */; };
/* End PBXBuildFile section */

/* Begin PBXContainerItemProxy section */
		099C14F221A1FD08003DF815 /* PBXContainerItemProxy */ = {
			isa = PBXContainerItemProxy;
			containerPortal = 099C14D521A1FD03003DF815 /* Project object */;
			proxyType = 1;
			remoteGlobalIDString = 099C14DC21A1FD03003DF815;
			remoteInfo = remider;
		};
		099C14FD21A1FD08003DF815 /* PBXContainerItemProxy */ = {
			isa = PBXContainerItemProxy;
			containerPortal = 099C14D521A1FD03003DF815 /* Project object */;
			proxyType = 1;
			remoteGlobalIDString = 099C14DC21A1FD03003DF815;
			remoteInfo = remider;
		};
/* End PBXContainerItemProxy section */

/* Begin PBXFileReference section */
		09762DEB21A330C70024F742 /* ReminderItem.swift */ = {isa = PBXFileReference; lastKnownFileType = sourcecode.swift; path = ReminderItem.swift; sourceTree = "<group>"; };
		09762DEF21A568B30024F742 /* ItemDetailViewController.swift */ = {isa = PBXFileReference; lastKnownFileType = sourcecode.swift; path = ItemDetailViewController.swift; sourceTree = "<group>"; };
		0984C2E321B3F9FA00B9EBA0 /* Checklist.swift */ = {isa = PBXFileReference; lastKnownFileType = sourcecode.swift; path = Checklist.swift; sourceTree = "<group>"; };
		0984C2E521B4016600B9EBA0 /* ListDetailViewController.swift */ = {isa = PBXFileReference; lastKnownFileType = sourcecode.swift; path = ListDetailViewController.swift; sourceTree = "<group>"; };
		0984C2E721B46AD400B9EBA0 /* DataModel.swift */ = {isa = PBXFileReference; lastKnownFileType = sourcecode.swift; path = DataModel.swift; sourceTree = "<group>"; };
		099C14DD21A1FD03003DF815 /* reminder.app */ = {isa = PBXFileReference; explicitFileType = wrapper.application; includeInIndex = 0; path = reminder.app; sourceTree = BUILT_PRODUCTS_DIR; };
		099C14E021A1FD03003DF815 /* AppDelegate.swift */ = {isa = PBXFileReference; lastKnownFileType = sourcecode.swift; path = AppDelegate.swift; sourceTree = "<group>"; };
		099C14E221A1FD03003DF815 /* ReminderViewController.swift */ = {isa = PBXFileReference; lastKnownFileType = sourcecode.swift; path = ReminderViewController.swift; sourceTree = "<group>"; };
		099C14E521A1FD03003DF815 /* Base */ = {isa = PBXFileReference; lastKnownFileType = file.storyboard; name = Base; path = Base.lproj/Main.storyboard; sourceTree = "<group>"; };
		099C14E721A1FD08003DF815 /* Assets.xcassets */ = {isa = PBXFileReference; lastKnownFileType = folder.assetcatalog; path = Assets.xcassets; sourceTree = "<group>"; };
		099C14EA21A1FD08003DF815 /* Base */ = {isa = PBXFileReference; lastKnownFileType = file.storyboard; name = Base; path = Base.lproj/LaunchScreen.storyboard; sourceTree = "<group>"; };
		099C14EC21A1FD08003DF815 /* Info.plist */ = {isa = PBXFileReference; lastKnownFileType = text.plist.xml; path = Info.plist; sourceTree = "<group>"; };
		099C14F121A1FD08003DF815 /* reminderTests.xctest */ = {isa = PBXFileReference; explicitFileType = wrapper.cfbundle; includeInIndex = 0; path = reminderTests.xctest; sourceTree = BUILT_PRODUCTS_DIR; };
		099C14F521A1FD08003DF815 /* remiderTests.swift */ = {isa = PBXFileReference; lastKnownFileType = sourcecode.swift; path = remiderTests.swift; sourceTree = "<group>"; };
		099C14F721A1FD08003DF815 /* Info.plist */ = {isa = PBXFileReference; lastKnownFileType = text.plist.xml; path = Info.plist; sourceTree = "<group>"; };
		099C14FC21A1FD08003DF815 /* reminderUITests.xctest */ = {isa = PBXFileReference; explicitFileType = wrapper.cfbundle; includeInIndex = 0; path = reminderUITests.xctest; sourceTree = BUILT_PRODUCTS_DIR; };
		099C150021A1FD08003DF815 /* remiderUITests.swift */ = {isa = PBXFileReference; lastKnownFileType = sourcecode.swift; path = remiderUITests.swift; sourceTree = "<group>"; };
		099C150221A1FD08003DF815 /* Info.plist */ = {isa = PBXFileReference; lastKnownFileType = text.plist.xml; path = Info.plist; sourceTree = "<group>"; };
		09EA0BD221AAF38400DBE8E3 /* AllListsViewController.swift */ = {isa = PBXFileReference; lastKnownFileType = sourcecode.swift; path = AllListsViewController.swift; sourceTree = "<group>"; };
/* End PBXFileReference section */

/* Begin PBXFrameworksBuildPhase section */
		099C14DA21A1FD03003DF815 /* Frameworks */ = {
			isa = PBXFrameworksBuildPhase;
			buildActionMask = 2147483647;
			files = (
			);
			runOnlyForDeploymentPostprocessing = 0;
		};
		099C14EE21A1FD08003DF815 /* Frameworks */ = {
			isa = PBXFrameworksBuildPhase;
			buildActionMask = 2147483647;
			files = (
			);
			runOnlyForDeploymentPostprocessing = 0;
		};
		099C14F921A1FD08003DF815 /* Frameworks */ = {
			isa = PBXFrameworksBuildPhase;
			buildActionMask = 2147483647;
			files = (
			);
			runOnlyForDeploymentPostprocessing = 0;
		};
/* End PBXFrameworksBuildPhase section */

/* Begin PBXGroup section */
		0984C2E921B540C900B9EBA0 /* View Controllers */ = {
			isa = PBXGroup;
			children = (
				0984C2E521B4016600B9EBA0 /* ListDetailViewController.swift */,
				099C14E221A1FD03003DF815 /* ReminderViewController.swift */,
				09EA0BD221AAF38400DBE8E3 /* AllListsViewController.swift */,
				09762DEF21A568B30024F742 /* ItemDetailViewController.swift */,
			);
			path = "View Controllers";
			sourceTree = "<group>";
		};
		0984C2EA21B540E000B9EBA0 /* Data Models */ = {
			isa = PBXGroup;
			children = (
				09762DEB21A330C70024F742 /* ReminderItem.swift */,
				0984C2E321B3F9FA00B9EBA0 /* Checklist.swift */,
				0984C2E721B46AD400B9EBA0 /* DataModel.swift */,
			);
			path = "Data Models";
			sourceTree = "<group>";
		};
		0984C2EB21B540F500B9EBA0 /* Resources */ = {
			isa = PBXGroup;
			children = (
				099C14E421A1FD03003DF815 /* Main.storyboard */,
				099C14E721A1FD08003DF815 /* Assets.xcassets */,
				099C14E921A1FD08003DF815 /* LaunchScreen.storyboard */,
			);
			path = Resources;
			sourceTree = "<group>";
		};
		099C14D421A1FD03003DF815 = {
			isa = PBXGroup;
			children = (
				099C14DF21A1FD03003DF815 /* remider */,
				099C14F421A1FD08003DF815 /* remiderTests */,
				099C14FF21A1FD08003DF815 /* remiderUITests */,
				099C14DE21A1FD03003DF815 /* Products */,
			);
			sourceTree = "<group>";
		};
		099C14DE21A1FD03003DF815 /* Products */ = {
			isa = PBXGroup;
			children = (
				099C14DD21A1FD03003DF815 /* reminder.app */,
				099C14F121A1FD08003DF815 /* reminderTests.xctest */,
				099C14FC21A1FD08003DF815 /* reminderUITests.xctest */,
			);
			name = Products;
			sourceTree = "<group>";
		};
		099C14DF21A1FD03003DF815 /* remider */ = {
			isa = PBXGroup;
			children = (
				0984C2EB21B540F500B9EBA0 /* Resources */,
				0984C2EA21B540E000B9EBA0 /* Data Models */,
				0984C2E921B540C900B9EBA0 /* View Controllers */,
				099C14E021A1FD03003DF815 /* AppDelegate.swift */,
				099C14EC21A1FD08003DF815 /* Info.plist */,
			);
			path = remider;
			sourceTree = "<group>";
		};
		099C14F421A1FD08003DF815 /* remiderTests */ = {
			isa = PBXGroup;
			children = (
				099C14F521A1FD08003DF815 /* remiderTests.swift */,
				099C14F721A1FD08003DF815 /* Info.plist */,
			);
			path = remiderTests;
			sourceTree = "<group>";
		};
		099C14FF21A1FD08003DF815 /* remiderUITests */ = {
			isa = PBXGroup;
			children = (
				099C150021A1FD08003DF815 /* remiderUITests.swift */,
				099C150221A1FD08003DF815 /* Info.plist */,
			);
			path = remiderUITests;
			sourceTree = "<group>";
		};
/* End PBXGroup section */

/* Begin PBXNativeTarget section */
		099C14DC21A1FD03003DF815 /* reminder */ = {
			isa = PBXNativeTarget;
			buildConfigurationList = 099C150521A1FD08003DF815 /* Build configuration list for PBXNativeTarget "reminder" */;
			buildPhases = (
				099C14D921A1FD03003DF815 /* Sources */,
				099C14DA21A1FD03003DF815 /* Frameworks */,
				099C14DB21A1FD03003DF815 /* Resources */,
			);
			buildRules = (
			);
			dependencies = (
			);
			name = reminder;
			productName = remider;
			productReference = 099C14DD21A1FD03003DF815 /* reminder.app */;
			productType = "com.apple.product-type.application";
		};
		099C14F021A1FD08003DF815 /* reminderTests */ = {
			isa = PBXNativeTarget;
			buildConfigurationList = 099C150821A1FD08003DF815 /* Build configuration list for PBXNativeTarget "reminderTests" */;
			buildPhases = (
				099C14ED21A1FD08003DF815 /* Sources */,
				099C14EE21A1FD08003DF815 /* Frameworks */,
				099C14EF21A1FD08003DF815 /* Resources */,
			);
			buildRules = (
			);
			dependencies = (
				099C14F321A1FD08003DF815 /* PBXTargetDependency */,
			);
			name = reminderTests;
			productName = remiderTests;
			productReference = 099C14F121A1FD08003DF815 /* reminderTests.xctest */;
			productType = "com.apple.product-type.bundle.unit-test";
		};
		099C14FB21A1FD08003DF815 /* reminderUITests */ = {
			isa = PBXNativeTarget;
			buildConfigurationList = 099C150B21A1FD08003DF815 /* Build configuration list for PBXNativeTarget "reminderUITests" */;
			buildPhases = (
				099C14F821A1FD08003DF815 /* Sources */,
				099C14F921A1FD08003DF815 /* Frameworks */,
				099C14FA21A1FD08003DF815 /* Resources */,
			);
			buildRules = (
			);
			dependencies = (
				099C14FE21A1FD08003DF815 /* PBXTargetDependency */,
			);
			name = reminderUITests;
			productName = remiderUITests;
			productReference = 099C14FC21A1FD08003DF815 /* reminderUITests.xctest */;
			productType = "com.apple.product-type.bundle.ui-testing";
		};
/* End PBXNativeTarget section */

/* Begin PBXProject section */
		099C14D521A1FD03003DF815 /* Project object */ = {
			isa = PBXProject;
			attributes = {
				LastSwiftUpdateCheck = 1010;
				LastUpgradeCheck = 1010;
				ORGANIZATIONNAME = scapegoat;
				TargetAttributes = {
					099C14DC21A1FD03003DF815 = {
						CreatedOnToolsVersion = 10.1;
					};
					099C14F021A1FD08003DF815 = {
						CreatedOnToolsVersion = 10.1;
						TestTargetID = 099C14DC21A1FD03003DF815;
					};
					099C14FB21A1FD08003DF815 = {
						CreatedOnToolsVersion = 10.1;
						TestTargetID = 099C14DC21A1FD03003DF815;
					};
				};
			};
			buildConfigurationList = 099C14D821A1FD03003DF815 /* Build configuration list for PBXProject "reminder" */;
			compatibilityVersion = "Xcode 9.3";
			developmentRegion = en;
			hasScannedForEncodings = 0;
			knownRegions = (
				en,
				Base,
			);
			mainGroup = 099C14D421A1FD03003DF815;
			productRefGroup = 099C14DE21A1FD03003DF815 /* Products */;
			projectDirPath = "";
			projectRoot = "";
			targets = (
				099C14DC21A1FD03003DF815 /* reminder */,
				099C14F021A1FD08003DF815 /* reminderTests */,
				099C14FB21A1FD08003DF815 /* reminderUITests */,
			);
		};
/* End PBXProject section */

/* Begin PBXResourcesBuildPhase section */
		099C14DB21A1FD03003DF815 /* Resources */ = {
			isa = PBXResourcesBuildPhase;
			buildActionMask = 2147483647;
			files = (
				099C14EB21A1FD08003DF815 /* LaunchScreen.storyboard in Resources */,
				099C14E821A1FD08003DF815 /* Assets.xcassets in Resources */,
				099C14E621A1FD03003DF815 /* Main.storyboard in Resources */,
			);
			runOnlyForDeploymentPostprocessing = 0;
		};
		099C14EF21A1FD08003DF815 /* Resources */ = {
			isa = PBXResourcesBuildPhase;
			buildActionMask = 2147483647;
			files = (
			);
			runOnlyForDeploymentPostprocessing = 0;
		};
		099C14FA21A1FD08003DF815 /* Resources */ = {
			isa = PBXResourcesBuildPhase;
			buildActionMask = 2147483647;
			files = (
			);
			runOnlyForDeploymentPostprocessing = 0;
		};
/* End PBXResourcesBuildPhase section */

/* Begin PBXSourcesBuildPhase section */
		099C14D921A1FD03003DF815 /* Sources */ = {
			isa = PBXSourcesBuildPhase;
			buildActionMask = 2147483647;
			files = (
				099C14E321A1FD03003DF815 /* ReminderViewController.swift in Sources */,
				0984C2E621B4016600B9EBA0 /* ListDetailViewController.swift in Sources */,
				09762DF021A568B30024F742 /* ItemDetailViewController.swift in Sources */,
				0984C2E421B3F9FA00B9EBA0 /* Checklist.swift in Sources */,
				09762DEC21A330C70024F742 /* ReminderItem.swift in Sources */,
				0984C2E821B46AD400B9EBA0 /* DataModel.swift in Sources */,
				09EA0BD321AAF38400DBE8E3 /* AllListsViewController.swift in Sources */,
				099C14E121A1FD03003DF815 /* AppDelegate.swift in Sources */,
			);
			runOnlyForDeploymentPostprocessing = 0;
		};
		099C14ED21A1FD08003DF815 /* Sources */ = {
			isa = PBXSourcesBuildPhase;
			buildActionMask = 2147483647;
			files = (
				099C14F621A1FD08003DF815 /* remiderTests.swift in Sources */,
			);
			runOnlyForDeploymentPostprocessing = 0;
		};
		099C14F821A1FD08003DF815 /* Sources */ = {
			isa = PBXSourcesBuildPhase;
			buildActionMask = 2147483647;
			files = (
				099C150121A1FD08003DF815 /* remiderUITests.swift in Sources */,
			);
			runOnlyForDeploymentPostprocessing = 0;
		};
/* End PBXSourcesBuildPhase section */

/* Begin PBXTargetDependency section */
		099C14F321A1FD08003DF815 /* PBXTargetDependency */ = {
			isa = PBXTargetDependency;
			target = 099C14DC21A1FD03003DF815 /* reminder */;
			targetProxy = 099C14F221A1FD08003DF815 /* PBXContainerItemProxy */;
		};
		099C14FE21A1FD08003DF815 /* PBXTargetDependency */ = {
			isa = PBXTargetDependency;
			target = 099C14DC21A1FD03003DF815 /* reminder */;
			targetProxy = 099C14FD21A1FD08003DF815 /* PBXContainerItemProxy */;
		};
/* End PBXTargetDependency section */

/* Begin PBXVariantGroup section */
		099C14E421A1FD03003DF815 /* Main.storyboard */ = {
			isa = PBXVariantGroup;
			children = (
				099C14E521A1FD03003DF815 /* Base */,
			);
			name = Main.storyboard;
			sourceTree = "<group>";
		};
		099C14E921A1FD08003DF815 /* LaunchScreen.storyboard */ = {
			isa = PBXVariantGroup;
			children = (
				099C14EA21A1FD08003DF815 /* Base */,
			);
			name = LaunchScreen.storyboard;
			sourceTree = "<group>";
		};
/* End PBXVariantGroup section */

/* Begin XCBuildConfiguration section */
		099C150321A1FD08003DF815 /* Debug */ = {
			isa = XCBuildConfiguration;
			buildSettings = {
				ALWAYS_SEARCH_USER_PATHS = NO;
				CLANG_ANALYZER_NONNULL = YES;
				CLANG_ANALYZER_NUMBER_OBJECT_CONVERSION = YES_AGGRESSIVE;
				CLANG_CXX_LANGUAGE_STANDARD = "gnu++14";
				CLANG_CXX_LIBRARY = "libc++";
				CLANG_ENABLE_MODULES = YES;
				CLANG_ENABLE_OBJC_ARC = YES;
				CLANG_ENABLE_OBJC_WEAK = YES;
				CLANG_WARN_BLOCK_CAPTURE_AUTORELEASING = YES;
				CLANG_WARN_BOOL_CONVERSION = YES;
				CLANG_WARN_COMMA = YES;
				CLANG_WARN_CONSTANT_CONVERSION = YES;
				CLANG_WARN_DEPRECATED_OBJC_IMPLEMENTATIONS = YES;
				CLANG_WARN_DIRECT_OBJC_ISA_USAGE = YES_ERROR;
				CLANG_WARN_DOCUMENTATION_COMMENTS = YES;
				CLANG_WARN_EMPTY_BODY = YES;
				CLANG_WARN_ENUM_CONVERSION = YES;
				CLANG_WARN_INFINITE_RECURSION = YES;
				CLANG_WARN_INT_CONVERSION = YES;
				CLANG_WARN_NON_LITERAL_NULL_CONVERSION = YES;
				CLANG_WARN_OBJC_IMPLICIT_RETAIN_SELF = YES;
				CLANG_WARN_OBJC_LITERAL_CONVERSION = YES;
				CLANG_WARN_OBJC_ROOT_CLASS = YES_ERROR;
				CLANG_WARN_RANGE_LOOP_ANALYSIS = YES;
				CLANG_WARN_STRICT_PROTOTYPES = YES;
				CLANG_WARN_SUSPICIOUS_MOVE = YES;
				CLANG_WARN_UNGUARDED_AVAILABILITY = YES_AGGRESSIVE;
				CLANG_WARN_UNREACHABLE_CODE = YES;
				CLANG_WARN__DUPLICATE_METHOD_MATCH = YES;
				CODE_SIGN_IDENTITY = "iPhone Developer";
				COPY_PHASE_STRIP = NO;
				DEBUG_INFORMATION_FORMAT = dwarf;
				ENABLE_STRICT_OBJC_MSGSEND = YES;
				ENABLE_TESTABILITY = YES;
				GCC_C_LANGUAGE_STANDARD = gnu11;
				GCC_DYNAMIC_NO_PIC = NO;
				GCC_NO_COMMON_BLOCKS = YES;
				GCC_OPTIMIZATION_LEVEL = 0;
				GCC_PREPROCESSOR_DEFINITIONS = (
					"DEBUG=1",
					"$(inherited)",
				);
				GCC_WARN_64_TO_32_BIT_CONVERSION = YES;
				GCC_WARN_ABOUT_RETURN_TYPE = YES_ERROR;
				GCC_WARN_UNDECLARED_SELECTOR = YES;
				GCC_WARN_UNINITIALIZED_AUTOS = YES_AGGRESSIVE;
				GCC_WARN_UNUSED_FUNCTION = YES;
				GCC_WARN_UNUSED_VARIABLE = YES;
				IPHONEOS_DEPLOYMENT_TARGET = 12.1;
				MTL_ENABLE_DEBUG_INFO = INCLUDE_SOURCE;
				MTL_FAST_MATH = YES;
				ONLY_ACTIVE_ARCH = YES;
				SDKROOT = iphoneos;
				SWIFT_ACTIVE_COMPILATION_CONDITIONS = DEBUG;
				SWIFT_OPTIMIZATION_LEVEL = "-Onone";
			};
			name = Debug;
		};
		099C150421A1FD08003DF815 /* Release */ = {
			isa = XCBuildConfiguration;
			buildSettings = {
				ALWAYS_SEARCH_USER_PATHS = NO;
				CLANG_ANALYZER_NONNULL = YES;
				CLANG_ANALYZER_NUMBER_OBJECT_CONVERSION = YES_AGGRESSIVE;
				CLANG_CXX_LANGUAGE_STANDARD = "gnu++14";
				CLANG_CXX_LIBRARY = "libc++";
				CLANG_ENABLE_MODULES = YES;
				CLANG_ENABLE_OBJC_ARC = YES;
				CLANG_ENABLE_OBJC_WEAK = YES;
				CLANG_WARN_BLOCK_CAPTURE_AUTORELEASING = YES;
				CLANG_WARN_BOOL_CONVERSION = YES;
				CLANG_WARN_COMMA = YES;
				CLANG_WARN_CONSTANT_CONVERSION = YES;
				CLANG_WARN_DEPRECATED_OBJC_IMPLEMENTATIONS = YES;
				CLANG_WARN_DIRECT_OBJC_ISA_USAGE = YES_ERROR;
				CLANG_WARN_DOCUMENTATION_COMMENTS = YES;
				CLANG_WARN_EMPTY_BODY = YES;
				CLANG_WARN_ENUM_CONVERSION = YES;
				CLANG_WARN_INFINITE_RECURSION = YES;
				CLANG_WARN_INT_CONVERSION = YES;
				CLANG_WARN_NON_LITERAL_NULL_CONVERSION = YES;
				CLANG_WARN_OBJC_IMPLICIT_RETAIN_SELF = YES;
				CLANG_WARN_OBJC_LITERAL_CONVERSION = YES;
				CLANG_WARN_OBJC_ROOT_CLASS = YES_ERROR;
				CLANG_WARN_RANGE_LOOP_ANALYSIS = YES;
				CLANG_WARN_STRICT_PROTOTYPES = YES;
				CLANG_WARN_SUSPICIOUS_MOVE = YES;
				CLANG_WARN_UNGUARDED_AVAILABILITY = YES_AGGRESSIVE;
				CLANG_WARN_UNREACHABLE_CODE = YES;
				CLANG_WARN__DUPLICATE_METHOD_MATCH = YES;
				CODE_SIGN_IDENTITY = "iPhone Developer";
				COPY_PHASE_STRIP = NO;
				DEBUG_INFORMATION_FORMAT = "dwarf-with-dsym";
				ENABLE_NS_ASSERTIONS = NO;
				ENABLE_STRICT_OBJC_MSGSEND = YES;
				GCC_C_LANGUAGE_STANDARD = gnu11;
				GCC_NO_COMMON_BLOCKS = YES;
				GCC_WARN_64_TO_32_BIT_CONVERSION = YES;
				GCC_WARN_ABOUT_RETURN_TYPE = YES_ERROR;
				GCC_WARN_UNDECLARED_SELECTOR = YES;
				GCC_WARN_UNINITIALIZED_AUTOS = YES_AGGRESSIVE;
				GCC_WARN_UNUSED_FUNCTION = YES;
				GCC_WARN_UNUSED_VARIABLE = YES;
				IPHONEOS_DEPLOYMENT_TARGET = 12.1;
				MTL_ENABLE_DEBUG_INFO = NO;
				MTL_FAST_MATH = YES;
				SDKROOT = iphoneos;
				SWIFT_COMPILATION_MODE = wholemodule;
				SWIFT_OPTIMIZATION_LEVEL = "-O";
				VALIDATE_PRODUCT = YES;
			};
			name = Release;
		};
		099C150621A1FD08003DF815 /* Debug */ = {
			isa = XCBuildConfiguration;
			buildSettings = {
				ASSETCATALOG_COMPILER_APPICON_NAME = AppIcon;
				CODE_SIGN_STYLE = Automatic;
				INFOPLIST_FILE = remider/Info.plist;
				LD_RUNPATH_SEARCH_PATHS = (
					"$(inherited)",
					"@executable_path/Frameworks",
				);
				PRODUCT_BUNDLE_IDENTIFIER = scapegoats.reminder;
				PRODUCT_NAME = "$(TARGET_NAME)";
				SWIFT_VERSION = 4.2;
				TARGETED_DEVICE_FAMILY = "1,2";
			};
			name = Debug;
		};
		099C150721A1FD08003DF815 /* Release */ = {
			isa = XCBuildConfiguration;
			buildSettings = {
				ASSETCATALOG_COMPILER_APPICON_NAME = AppIcon;
				CODE_SIGN_STYLE = Automatic;
				INFOPLIST_FILE = remider/Info.plist;
				LD_RUNPATH_SEARCH_PATHS = (
					"$(inherited)",
					"@executable_path/Frameworks",
				);
				PRODUCT_BUNDLE_IDENTIFIER = scapegoats.reminder;
				PRODUCT_NAME = "$(TARGET_NAME)";
				SWIFT_VERSION = 4.2;
				TARGETED_DEVICE_FAMILY = "1,2";
			};
			name = Release;
		};
		099C150921A1FD08003DF815 /* Debug */ = {
			isa = XCBuildConfiguration;
			buildSettings = {
				ALWAYS_EMBED_SWIFT_STANDARD_LIBRARIES = YES;
				BUNDLE_LOADER = "$(TEST_HOST)";
				CODE_SIGN_STYLE = Automatic;
				INFOPLIST_FILE = remiderTests/Info.plist;
				LD_RUNPATH_SEARCH_PATHS = (
					"$(inherited)",
					"@executable_path/Frameworks",
					"@loader_path/Frameworks",
				);
				PRODUCT_BUNDLE_IDENTIFIER = scapegoats.remiderTests;
				PRODUCT_NAME = "$(TARGET_NAME)";
				SWIFT_VERSION = 4.2;
				TARGETED_DEVICE_FAMILY = "1,2";
				TEST_HOST = "$(BUILT_PRODUCTS_DIR)/reminder.app/reminder";
			};
			name = Debug;
		};
		099C150A21A1FD08003DF815 /* Release */ = {
			isa = XCBuildConfiguration;
			buildSettings = {
				ALWAYS_EMBED_SWIFT_STANDARD_LIBRARIES = YES;
				BUNDLE_LOADER = "$(TEST_HOST)";
				CODE_SIGN_STYLE = Automatic;
				INFOPLIST_FILE = remiderTests/Info.plist;
				LD_RUNPATH_SEARCH_PATHS = (
					"$(inherited)",
					"@executable_path/Frameworks",
					"@loader_path/Frameworks",
				);
				PRODUCT_BUNDLE_IDENTIFIER = scapegoats.remiderTests;
				PRODUCT_NAME = "$(TARGET_NAME)";
				SWIFT_VERSION = 4.2;
				TARGETED_DEVICE_FAMILY = "1,2";
				TEST_HOST = "$(BUILT_PRODUCTS_DIR)/reminder.app/reminder";
			};
			name = Release;
		};
		099C150C21A1FD08003DF815 /* Debug */ = {
			isa = XCBuildConfiguration;
			buildSettings = {
				ALWAYS_EMBED_SWIFT_STANDARD_LIBRARIES = YES;
				CODE_SIGN_STYLE = Automatic;
				INFOPLIST_FILE = remiderUITests/Info.plist;
				LD_RUNPATH_SEARCH_PATHS = (
					"$(inherited)",
					"@executable_path/Frameworks",
					"@loader_path/Frameworks",
				);
				PRODUCT_BUNDLE_IDENTIFIER = scapegoats.remiderUITests;
				PRODUCT_NAME = "$(TARGET_NAME)";
				SWIFT_VERSION = 4.2;
				TARGETED_DEVICE_FAMILY = "1,2";
				TEST_TARGET_NAME = remider;
			};
			name = Debug;
		};
		099C150D21A1FD08003DF815 /* Release */ = {
			isa = XCBuildConfiguration;
			buildSettings = {
				ALWAYS_EMBED_SWIFT_STANDARD_LIBRARIES = YES;
				CODE_SIGN_STYLE = Automatic;
				INFOPLIST_FILE = remiderUITests/Info.plist;
				LD_RUNPATH_SEARCH_PATHS = (
					"$(inherited)",
					"@executable_path/Frameworks",
					"@loader_path/Frameworks",
				);
				PRODUCT_BUNDLE_IDENTIFIER = scapegoats.remiderUITests;
				PRODUCT_NAME = "$(TARGET_NAME)";
				SWIFT_VERSION = 4.2;
				TARGETED_DEVICE_FAMILY = "1,2";
				TEST_TARGET_NAME = remider;
			};
			name = Release;
		};
/* End XCBuildConfiguration section */

/* Begin XCConfigurationList section */
		099C14D821A1FD03003DF815 /* Build configuration list for PBXProject "reminder" */ = {
			isa = XCConfigurationList;
			buildConfigurations = (
				099C150321A1FD08003DF815 /* Debug */,
				099C150421A1FD08003DF815 /* Release */,
			);
			defaultConfigurationIsVisible = 0;
			defaultConfigurationName = Release;
		};
		099C150521A1FD08003DF815 /* Build configuration list for PBXNativeTarget "reminder" */ = {
			isa = XCConfigurationList;
			buildConfigurations = (
				099C150621A1FD08003DF815 /* Debug */,
				099C150721A1FD08003DF815 /* Release */,
			);
			defaultConfigurationIsVisible = 0;
			defaultConfigurationName = Release;
		};
		099C150821A1FD08003DF815 /* Build configuration list for PBXNativeTarget "reminderTests" */ = {
			isa = XCConfigurationList;
			buildConfigurations = (
				099C150921A1FD08003DF815 /* Debug */,
				099C150A21A1FD08003DF815 /* Release */,
			);
			defaultConfigurationIsVisible = 0;
			defaultConfigurationName = Release;
		};
		099C150B21A1FD08003DF815 /* Build configuration list for PBXNativeTarget "reminderUITests" */ = {
			isa = XCConfigurationList;
			buildConfigurations = (
				099C150C21A1FD08003DF815 /* Debug */,
				099C150D21A1FD08003DF815 /* Release */,
			);
			defaultConfigurationIsVisible = 0;
			defaultConfigurationName = Release;
		};
/* End XCConfigurationList section */
	};
	rootObject = 099C14D521A1FD03003DF815 /* Project object */;
}
